
Microsoft Visual Studio Solution File, Format Version 12.00
# Visual Studio Version 16
VisualStudioVersion = 16.0.32228.343
MinimumVisualStudioVersion = 10.0.40219.1
Project("{FAE04EC0-301F-11D3-BF4B-00C04F79EFBC}") = "ConsoleApp3", "ConsoleApp3\ConsoleApp3.csproj", "{82E289D7-F0D2-4C90-B508-0AEEF45F7DF0}"
EndProject
Global
	GlobalSection(SolutionConfigurationPlatforms) = preSolution
		Debug|Any CPU = Debug|Any CPU
		Release|Any CPU = Release|Any CPU
	EndGlobalSection
	GlobalSection(ProjectConfigurationPlatforms) = postSolution
		{82E289D7-F0D2-4C90-B508-0AEEF45F7DF0}.Debug|Any CPU.ActiveCfg = Debug|Any CPU
		{82E289D7-F0D2-4C90-B508-0AEEF45F7DF0}.Debug|Any CPU.Build.0 = Debug|Any CPU
		{82E289D7-F0D2-4C90-B508-0AEEF45F7DF0}.Release|Any CPU.ActiveCfg = Release|Any CPU
		{82E289D7-F0D2-4C90-B508-0AEEF45F7DF0}.Release|Any CPU.Build.0 = Release|Any CPU
	EndGlobalSection
	GlobalSection(SolutionProperties) = preSolution
		HideSolutionNode = FALSE
	EndGlobalSection
	GlobalSection(ExtensibilityGlobals) = postSolution
		SolutionGuid = {8E7C3D64-DD89-4F9C-986D-A202226ABE15}
	EndGlobalSection
EndGlobal
